// !$*UTF8*$!
{
	archiveVersion = 1;
	classes = {
	};
	objectVersion = 56;
	objects = {

/* Begin PBXBuildFile section */
		044BD2672CC4E34F00404585 /* LandmarksApp.swift in Sources */ = {isa = PBXBuildFile; fileRef = 044BD2662CC4E34F00404585 /* LandmarksApp.swift */; };
		044BD2692CC4E34F00404585 /* ContentView.swift in Sources */ = {isa = PBXBuildFile; fileRef = 044BD2682CC4E34F00404585 /* ContentView.swift */; };
		044BD26B2CC4E35000404585 /* Assets.xcassets in Resources */ = {isa = PBXBuildFile; fileRef = 044BD26A2CC4E35000404585 /* Assets.xcassets */; };
		044BD26E2CC4E35000404585 /* Preview Assets.xcassets in Resources */ = {isa = PBXBuildFile; fileRef = 044BD26D2CC4E35000404585 /* Preview Assets.xcassets */; };
		044BD2752CC4E5A500404585 /* CircleImage.swift in Sources */ = {isa = PBXBuildFile; fileRef = 044BD2742CC4E5A500404585 /* CircleImage.swift */; };
		044BD2772CC4E62400404585 /* MapView.swift in Sources */ = {isa = PBXBuildFile; fileRef = 044BD2762CC4E62400404585 /* MapView.swift */; };
		044BD27A2CC4E8A900404585 /* LICENSE.txt in Resources */ = {isa = PBXBuildFile; fileRef = 044BD2792CC4E8A900404585 /* LICENSE.txt */; };
		044BD27C2CC4E8CB00404585 /* README.md in Resources */ = {isa = PBXBuildFile; fileRef = 044BD27B2CC4E8CB00404585 /* README.md */; };
		044BD2992CC4E9D300404585 /* landmarkData.json in Resources */ = {isa = PBXBuildFile; fileRef = 044BD28B2CC4E9D300404585 /* landmarkData.json */; };
		044BD29B2CC4E9F300404585 /* Landmark.swift in Sources */ = {isa = PBXBuildFile; fileRef = 044BD29A2CC4E9F300404585 /* Landmark.swift */; };
		044BD29E2CC4EBCD00404585 /* ModelData.swift in Sources */ = {isa = PBXBuildFile; fileRef = 044BD29D2CC4EBCD00404585 /* ModelData.swift */; };
		044BD2A22CC4ED1900404585 /* LandmarkRow.swift in Sources */ = {isa = PBXBuildFile; fileRef = 044BD2A12CC4ED1900404585 /* LandmarkRow.swift */; };
		044BD2A42CC4EEA700404585 /* LandmarkList.swift in Sources */ = {isa = PBXBuildFile; fileRef = 044BD2A32CC4EEA700404585 /* LandmarkList.swift */; };
		044BD2A62CC4EF3700404585 /* LandmarkDetail.swift in Sources */ = {isa = PBXBuildFile; fileRef = 044BD2A52CC4EF3700404585 /* LandmarkDetail.swift */; };
		044BD2A82CC4F65000404585 /* FavoriteButton.swift in Sources */ = {isa = PBXBuildFile; fileRef = 044BD2A72CC4F65000404585 /* FavoriteButton.swift */; };
		044BD2AC2CC4FB6500404585 /* HexagonParameters.swift in Sources */ = {isa = PBXBuildFile; fileRef = 044BD2AB2CC4FB6500404585 /* HexagonParameters.swift */; };
		044BD2AE2CC4FD4C00404585 /* BadgeBackground.swift in Sources */ = {isa = PBXBuildFile; fileRef = 044BD2AD2CC4FD4C00404585 /* BadgeBackground.swift */; };
		044BD2B02CC5016900404585 /* BadgeSymbol.swift in Sources */ = {isa = PBXBuildFile; fileRef = 044BD2AF2CC5016900404585 /* BadgeSymbol.swift */; };
		044BD2B22CC5024100404585 /* RotatedBadgeSymbol.swift in Sources */ = {isa = PBXBuildFile; fileRef = 044BD2B12CC5024100404585 /* RotatedBadgeSymbol.swift */; };
		044BD2B42CC502AC00404585 /* Badge.swift in Sources */ = {isa = PBXBuildFile; fileRef = 044BD2B32CC502AC00404585 /* Badge.swift */; };
		044BD2B72CC504BD00404585 /* hikeData.json in Resources */ = {isa = PBXBuildFile; fileRef = 044BD2B62CC504BD00404585 /* hikeData.json */; };
		044BD2B92CC504CF00404585 /* Hike.swift in Sources */ = {isa = PBXBuildFile; fileRef = 044BD2B82CC504CF00404585 /* Hike.swift */; };
		044BD2BF2CC5058900404585 /* GraphCapsule.swift in Sources */ = {isa = PBXBuildFile; fileRef = 044BD2BA2CC5058900404585 /* GraphCapsule.swift */; };
		044BD2C02CC5058900404585 /* HikeDetail.swift in Sources */ = {isa = PBXBuildFile; fileRef = 044BD2BB2CC5058900404585 /* HikeDetail.swift */; };
		044BD2C12CC5058900404585 /* HikeGraph.swift in Sources */ = {isa = PBXBuildFile; fileRef = 044BD2BC2CC5058900404585 /* HikeGraph.swift */; };
		044BD2C22CC5058900404585 /* HikeView.swift in Sources */ = {isa = PBXBuildFile; fileRef = 044BD2BD2CC5058900404585 /* HikeView.swift */; };
		044BD2C42CC508FD00404585 /* CategoryHome.swift in Sources */ = {isa = PBXBuildFile; fileRef = 044BD2C32CC508FD00404585 /* CategoryHome.swift */; };
		044BD2C62CC50A5C00404585 /* CategoryRow.swift in Sources */ = {isa = PBXBuildFile; fileRef = 044BD2C52CC50A5C00404585 /* CategoryRow.swift */; };
		044BD2C82CC50B4000404585 /* CategoryItem.swift in Sources */ = {isa = PBXBuildFile; fileRef = 044BD2C72CC50B4000404585 /* CategoryItem.swift */; };
		044BD2CB2CC5102E00404585 /* Profile.swift in Sources */ = {isa = PBXBuildFile; fileRef = 044BD2CA2CC5102E00404585 /* Profile.swift */; };
		044BD2CE2CC5109400404585 /* ProfileHost.swift in Sources */ = {isa = PBXBuildFile; fileRef = 044BD2CD2CC5109400404585 /* ProfileHost.swift */; };
		044BD2D02CC5112400404585 /* ProfileSummary.swift in Sources */ = {isa = PBXBuildFile; fileRef = 044BD2CF2CC5112400404585 /* ProfileSummary.swift */; };
		044BD2D22CC5123900404585 /* HikeBadge.swift in Sources */ = {isa = PBXBuildFile; fileRef = 044BD2D12CC5123900404585 /* HikeBadge.swift */; };
		044BD2D42CC519D400404585 /* ProfileEditor.swift in Sources */ = {isa = PBXBuildFile; fileRef = 044BD2D32CC519D400404585 /* ProfileEditor.swift */; };
		044BD2D72CC51CFD00404585 /* PageViewController.swift in Sources */ = {isa = PBXBuildFile; fileRef = 044BD2D62CC51CFD00404585 /* PageViewController.swift */; };
		044BD2D92CC51E2B00404585 /* FeatureCard.swift in Sources */ = {isa = PBXBuildFile; fileRef = 044BD2D82CC51E2B00404585 /* FeatureCard.swift */; };
		044BD2DB2CC51F4F00404585 /* PageView.swift in Sources */ = {isa = PBXBuildFile; fileRef = 044BD2DA2CC51F4F00404585 /* PageView.swift */; };
		044BD2DD2CC5222000404585 /* PageControl.swift in Sources */ = {isa = PBXBuildFile; fileRef = 044BD2DC2CC5222000404585 /* PageControl.swift */; };
/* End PBXBuildFile section */

/* Begin PBXFileReference section */
		044BD2632CC4E34F00404585 /* Landmarks.app */ = {isa = PBXFileReference; explicitFileType = wrapper.application; includeInIndex = 0; path = Landmarks.app; sourceTree = BUILT_PRODUCTS_DIR; };
		044BD2662CC4E34F00404585 /* LandmarksApp.swift */ = {isa = PBXFileReference; lastKnownFileType = sourcecode.swift; path = LandmarksApp.swift; sourceTree = "<group>"; };
		044BD2682CC4E34F00404585 /* ContentView.swift */ = {isa = PBXFileReference; lastKnownFileType = sourcecode.swift; path = ContentView.swift; sourceTree = "<group>"; };
		044BD26A2CC4E35000404585 /* Assets.xcassets */ = {isa = PBXFileReference; lastKnownFileType = folder.assetcatalog; path = Assets.xcassets; sourceTree = "<group>"; };
		044BD26D2CC4E35000404585 /* Preview Assets.xcassets */ = {isa = PBXFileReference; lastKnownFileType = folder.assetcatalog; path = "Preview Assets.xcassets"; sourceTree = "<group>"; };
		044BD2742CC4E5A500404585 /* CircleImage.swift */ = {isa = PBXFileReference; lastKnownFileType = sourcecode.swift; path = CircleImage.swift; sourceTree = "<group>"; };
		044BD2762CC4E62400404585 /* MapView.swift */ = {isa = PBXFileReference; lastKnownFileType = sourcecode.swift; path = MapView.swift; sourceTree = "<group>"; };
		044BD2792CC4E8A900404585 /* LICENSE.txt */ = {isa = PBXFileReference; fileEncoding = 4; lastKnownFileType = text; path = LICENSE.txt; sourceTree = "<group>"; };
		044BD27B2CC4E8CB00404585 /* README.md */ = {isa = PBXFileReference; lastKnownFileType = net.daringfireball.markdown; path = README.md; sourceTree = "<group>"; };
		044BD28B2CC4E9D300404585 /* landmarkData.json */ = {isa = PBXFileReference; fileEncoding = 4; lastKnownFileType = text.json; path = landmarkData.json; sourceTree = "<group>"; };
		044BD29A2CC4E9F300404585 /* Landmark.swift */ = {isa = PBXFileReference; lastKnownFileType = sourcecode.swift; path = Landmark.swift; sourceTree = "<group>"; };
		044BD29D2CC4EBCD00404585 /* ModelData.swift */ = {isa = PBXFileReference; lastKnownFileType = sourcecode.swift; path = ModelData.swift; sourceTree = "<group>"; };
		044BD2A12CC4ED1900404585 /* LandmarkRow.swift */ = {isa = PBXFileReference; lastKnownFileType = sourcecode.swift; path = LandmarkRow.swift; sourceTree = "<group>"; };
		044BD2A32CC4EEA700404585 /* LandmarkList.swift */ = {isa = PBXFileReference; lastKnownFileType = sourcecode.swift; path = LandmarkList.swift; sourceTree = "<group>"; };
		044BD2A52CC4EF3700404585 /* LandmarkDetail.swift */ = {isa = PBXFileReference; lastKnownFileType = sourcecode.swift; path = LandmarkDetail.swift; sourceTree = "<group>"; };
		044BD2A72CC4F65000404585 /* FavoriteButton.swift */ = {isa = PBXFileReference; lastKnownFileType = sourcecode.swift; path = FavoriteButton.swift; sourceTree = "<group>"; };
		044BD2AB2CC4FB6500404585 /* HexagonParameters.swift */ = {isa = PBXFileReference; lastKnownFileType = sourcecode.swift; path = HexagonParameters.swift; sourceTree = "<group>"; };
		044BD2AD2CC4FD4C00404585 /* BadgeBackground.swift */ = {isa = PBXFileReference; lastKnownFileType = sourcecode.swift; path = BadgeBackground.swift; sourceTree = "<group>"; };
		044BD2AF2CC5016900404585 /* BadgeSymbol.swift */ = {isa = PBXFileReference; lastKnownFileType = sourcecode.swift; path = BadgeSymbol.swift; sourceTree = "<group>"; };
		044BD2B12CC5024100404585 /* RotatedBadgeSymbol.swift */ = {isa = PBXFileReference; lastKnownFileType = sourcecode.swift; path = RotatedBadgeSymbol.swift; sourceTree = "<group>"; };
		044BD2B32CC502AC00404585 /* Badge.swift */ = {isa = PBXFileReference; lastKnownFileType = sourcecode.swift; path = Badge.swift; sourceTree = "<group>"; };
		044BD2B62CC504BD00404585 /* hikeData.json */ = {isa = PBXFileReference; fileEncoding = 4; lastKnownFileType = text.json; path = hikeData.json; sourceTree = "<group>"; };
		044BD2B82CC504CF00404585 /* Hike.swift */ = {isa = PBXFileReference; lastKnownFileType = sourcecode.swift; path = Hike.swift; sourceTree = "<group>"; };
		044BD2BA2CC5058900404585 /* GraphCapsule.swift */ = {isa = PBXFileReference; fileEncoding = 4; lastKnownFileType = sourcecode.swift; path = GraphCapsule.swift; sourceTree = "<group>"; };
		044BD2BB2CC5058900404585 /* HikeDetail.swift */ = {isa = PBXFileReference; fileEncoding = 4; lastKnownFileType = sourcecode.swift; path = HikeDetail.swift; sourceTree = "<group>"; };
		044BD2BC2CC5058900404585 /* HikeGraph.swift */ = {isa = PBXFileReference; fileEncoding = 4; lastKnownFileType = sourcecode.swift; path = HikeGraph.swift; sourceTree = "<group>"; };
		044BD2BD2CC5058900404585 /* HikeView.swift */ = {isa = PBXFileReference; fileEncoding = 4; lastKnownFileType = sourcecode.swift; path = HikeView.swift; sourceTree = "<group>"; };
		044BD2C32CC508FD00404585 /* CategoryHome.swift */ = {isa = PBXFileReference; lastKnownFileType = sourcecode.swift; path = CategoryHome.swift; sourceTree = "<group>"; };
		044BD2C52CC50A5C00404585 /* CategoryRow.swift */ = {isa = PBXFileReference; lastKnownFileType = sourcecode.swift; path = CategoryRow.swift; sourceTree = "<group>"; };
		044BD2C72CC50B4000404585 /* CategoryItem.swift */ = {isa = PBXFileReference; lastKnownFileType = sourcecode.swift; path = CategoryItem.swift; sourceTree = "<group>"; };
		044BD2CA2CC5102E00404585 /* Profile.swift */ = {isa = PBXFileReference; lastKnownFileType = sourcecode.swift; path = Profile.swift; sourceTree = "<group>"; };
		044BD2CD2CC5109400404585 /* ProfileHost.swift */ = {isa = PBXFileReference; lastKnownFileType = sourcecode.swift; path = ProfileHost.swift; sourceTree = "<group>"; };
		044BD2CF2CC5112400404585 /* ProfileSummary.swift */ = {isa = PBXFileReference; lastKnownFileType = sourcecode.swift; path = ProfileSummary.swift; sourceTree = "<group>"; };
		044BD2D12CC5123900404585 /* HikeBadge.swift */ = {isa = PBXFileReference; lastKnownFileType = sourcecode.swift; path = HikeBadge.swift; sourceTree = "<group>"; };
		044BD2D32CC519D400404585 /* ProfileEditor.swift */ = {isa = PBXFileReference; lastKnownFileType = sourcecode.swift; path = ProfileEditor.swift; sourceTree = "<group>"; };
		044BD2D62CC51CFD00404585 /* PageViewController.swift */ = {isa = PBXFileReference; lastKnownFileType = sourcecode.swift; path = PageViewController.swift; sourceTree = "<group>"; };
		044BD2D82CC51E2B00404585 /* FeatureCard.swift */ = {isa = PBXFileReference; lastKnownFileType = sourcecode.swift; path = FeatureCard.swift; sourceTree = "<group>"; };
		044BD2DA2CC51F4F00404585 /* PageView.swift */ = {isa = PBXFileReference; lastKnownFileType = sourcecode.swift; path = PageView.swift; sourceTree = "<group>"; };
		044BD2DC2CC5222000404585 /* PageControl.swift */ = {isa = PBXFileReference; lastKnownFileType = sourcecode.swift; path = PageControl.swift; sourceTree = "<group>"; };
/* End PBXFileReference section */

/* Begin PBXFrameworksBuildPhase section */
		044BD2602CC4E34F00404585 /* Frameworks */ = {
			isa = PBXFrameworksBuildPhase;
			buildActionMask = 2147483647;
			files = (
			);
			runOnlyForDeploymentPostprocessing = 0;
		};
/* End PBXFrameworksBuildPhase section */

/* Begin PBXGroup section */
		044BD25A2CC4E34F00404585 = {
			isa = PBXGroup;
			children = (
				044BD27B2CC4E8CB00404585 /* README.md */,
				044BD2782CC4E8A300404585 /* LICENSE */,
				044BD2652CC4E34F00404585 /* Landmarks */,
				044BD2642CC4E34F00404585 /* Products */,
			);
			sourceTree = "<group>";
		};
		044BD2642CC4E34F00404585 /* Products */ = {
			isa = PBXGroup;
			children = (
				044BD2632CC4E34F00404585 /* Landmarks.app */,
			);
			name = Products;
			sourceTree = "<group>";
		};
		044BD2652CC4E34F00404585 /* Landmarks */ = {
			isa = PBXGroup;
			children = (
				044BD2662CC4E34F00404585 /* LandmarksApp.swift */,
				044BD29F2CC4EC9E00404585 /* Views */,
				044BD2A02CC4ECB000404585 /* Model */,
				044BD28C2CC4E9D300404585 /* Resources */,
				044BD26A2CC4E35000404585 /* Assets.xcassets */,
				044BD26C2CC4E35000404585 /* Preview Content */,
			);
			path = Landmarks;
			sourceTree = "<group>";
		};
		044BD26C2CC4E35000404585 /* Preview Content */ = {
			isa = PBXGroup;
			children = (
				044BD26D2CC4E35000404585 /* Preview Assets.xcassets */,
			);
			path = "Preview Content";
			sourceTree = "<group>";
		};
		044BD2782CC4E8A300404585 /* LICENSE */ = {
			isa = PBXGroup;
			children = (
				044BD2792CC4E8A900404585 /* LICENSE.txt */,
			);
			path = LICENSE;
			sourceTree = "<group>";
		};
		044BD28C2CC4E9D300404585 /* Resources */ = {
			isa = PBXGroup;
			children = (
				044BD2BE2CC5058900404585 /* Hikes */,
				044BD2B62CC504BD00404585 /* hikeData.json */,
				044BD28B2CC4E9D300404585 /* landmarkData.json */,
			);
			path = Resources;
			sourceTree = "<group>";
		};
		044BD29F2CC4EC9E00404585 /* Views */ = {
			isa = PBXGroup;
			children = (
				044BD2682CC4E34F00404585 /* ContentView.swift */,
				044BD2D52CC51CE800404585 /* PageView */,
				044BD2A92CC4F6E800404585 /* Landmarks */,
				044BD2CC2CC5108500404585 /* Profiles */,
				044BD2C92CC5100600404585 /* Categories */,
				044BD2B52CC5039700404585 /* Badges */,
				044BD2AA2CC4F6FB00404585 /* Helper */,
			);
			path = Views;
			sourceTree = "<group>";
		};
		044BD2A02CC4ECB000404585 /* Model */ = {
			isa = PBXGroup;
			children = (
				044BD29A2CC4E9F300404585 /* Landmark.swift */,
				044BD29D2CC4EBCD00404585 /* ModelData.swift */,
				044BD2B82CC504CF00404585 /* Hike.swift */,
				044BD2CA2CC5102E00404585 /* Profile.swift */,
			);
			path = Model;
			sourceTree = "<group>";
		};
		044BD2A92CC4F6E800404585 /* Landmarks */ = {
			isa = PBXGroup;
			children = (
				044BD2A12CC4ED1900404585 /* LandmarkRow.swift */,
				044BD2A32CC4EEA700404585 /* LandmarkList.swift */,
				044BD2A52CC4EF3700404585 /* LandmarkDetail.swift */,
			);
			path = Landmarks;
			sourceTree = "<group>";
		};
		044BD2AA2CC4F6FB00404585 /* Helper */ = {
			isa = PBXGroup;
			children = (
				044BD2742CC4E5A500404585 /* CircleImage.swift */,
				044BD2762CC4E62400404585 /* MapView.swift */,
				044BD2A72CC4F65000404585 /* FavoriteButton.swift */,
			);
			path = Helper;
			sourceTree = "<group>";
		};
		044BD2B52CC5039700404585 /* Badges */ = {
			isa = PBXGroup;
			children = (
				044BD2AB2CC4FB6500404585 /* HexagonParameters.swift */,
				044BD2AD2CC4FD4C00404585 /* BadgeBackground.swift */,
				044BD2AF2CC5016900404585 /* BadgeSymbol.swift */,
				044BD2B12CC5024100404585 /* RotatedBadgeSymbol.swift */,
				044BD2B32CC502AC00404585 /* Badge.swift */,
				044BD2D12CC5123900404585 /* HikeBadge.swift */,
			);
			path = Badges;
			sourceTree = "<group>";
		};
		044BD2BE2CC5058900404585 /* Hikes */ = {
			isa = PBXGroup;
			children = (
				044BD2BA2CC5058900404585 /* GraphCapsule.swift */,
				044BD2BB2CC5058900404585 /* HikeDetail.swift */,
				044BD2BC2CC5058900404585 /* HikeGraph.swift */,
				044BD2BD2CC5058900404585 /* HikeView.swift */,
			);
			path = Hikes;
			sourceTree = "<group>";
		};
		044BD2C92CC5100600404585 /* Categories */ = {
			isa = PBXGroup;
			children = (
				044BD2C32CC508FD00404585 /* CategoryHome.swift */,
				044BD2C52CC50A5C00404585 /* CategoryRow.swift */,
				044BD2C72CC50B4000404585 /* CategoryItem.swift */,
			);
			path = Categories;
			sourceTree = "<group>";
		};
		044BD2CC2CC5108500404585 /* Profiles */ = {
			isa = PBXGroup;
			children = (
				044BD2CD2CC5109400404585 /* ProfileHost.swift */,
				044BD2CF2CC5112400404585 /* ProfileSummary.swift */,
				044BD2D32CC519D400404585 /* ProfileEditor.swift */,
			);
			path = Profiles;
			sourceTree = "<group>";
		};
		044BD2D52CC51CE800404585 /* PageView */ = {
			isa = PBXGroup;
			children = (
				044BD2D62CC51CFD00404585 /* PageViewController.swift */,
				044BD2D82CC51E2B00404585 /* FeatureCard.swift */,
				044BD2DA2CC51F4F00404585 /* PageView.swift */,
				044BD2DC2CC5222000404585 /* PageControl.swift */,
			);
			path = PageView;
			sourceTree = "<group>";
		};
/* End PBXGroup section */

/* Begin PBXNativeTarget section */
		044BD2622CC4E34F00404585 /* Landmarks */ = {
			isa = PBXNativeTarget;
			buildConfigurationList = 044BD2712CC4E35000404585 /* Build configuration list for PBXNativeTarget "Landmarks" */;
			buildPhases = (
				044BD25F2CC4E34F00404585 /* Sources */,
				044BD2602CC4E34F00404585 /* Frameworks */,
				044BD2612CC4E34F00404585 /* Resources */,
			);
			buildRules = (
			);
			dependencies = (
			);
			name = Landmarks;
			productName = Landmarks;
			productReference = 044BD2632CC4E34F00404585 /* Landmarks.app */;
			productType = "com.apple.product-type.application";
		};
/* End PBXNativeTarget section */

/* Begin PBXProject section */
		044BD25B2CC4E34F00404585 /* Project object */ = {
			isa = PBXProject;
			attributes = {
				BuildIndependentTargetsInParallel = 1;
				LastSwiftUpdateCheck = 1530;
				LastUpgradeCheck = 1530;
				TargetAttributes = {
					044BD2622CC4E34F00404585 = {
						CreatedOnToolsVersion = 15.3;
					};
				};
			};
			buildConfigurationList = 044BD25E2CC4E34F00404585 /* Build configuration list for PBXProject "Landmarks" */;
			compatibilityVersion = "Xcode 14.0";
			developmentRegion = en;
			hasScannedForEncodings = 0;
			knownRegions = (
				en,
				Base,
			);
			mainGroup = 044BD25A2CC4E34F00404585;
			productRefGroup = 044BD2642CC4E34F00404585 /* Products */;
			projectDirPath = "";
			projectRoot = "";
			targets = (
				044BD2622CC4E34F00404585 /* Landmarks */,
			);
		};
/* End PBXProject section */

/* Begin PBXResourcesBuildPhase section */
		044BD2612CC4E34F00404585 /* Resources */ = {
			isa = PBXResourcesBuildPhase;
			buildActionMask = 2147483647;
			files = (
				044BD2992CC4E9D300404585 /* landmarkData.json in Resources */,
				044BD27A2CC4E8A900404585 /* LICENSE.txt in Resources */,
				044BD26E2CC4E35000404585 /* Preview Assets.xcassets in Resources */,
				044BD27C2CC4E8CB00404585 /* README.md in Resources */,
				044BD2B72CC504BD00404585 /* hikeData.json in Resources */,
				044BD26B2CC4E35000404585 /* Assets.xcassets in Resources */,
			);
			runOnlyForDeploymentPostprocessing = 0;
		};
/* End PBXResourcesBuildPhase section */

/* Begin PBXSourcesBuildPhase section */
		044BD25F2CC4E34F00404585 /* Sources */ = {
			isa = PBXSourcesBuildPhase;
			buildActionMask = 2147483647;
			files = (
				044BD2C62CC50A5C00404585 /* CategoryRow.swift in Sources */,
				044BD2CB2CC5102E00404585 /* Profile.swift in Sources */,
				044BD2692CC4E34F00404585 /* ContentView.swift in Sources */,
				044BD2C42CC508FD00404585 /* CategoryHome.swift in Sources */,
				044BD2D92CC51E2B00404585 /* FeatureCard.swift in Sources */,
				044BD2B42CC502AC00404585 /* Badge.swift in Sources */,
				044BD2772CC4E62400404585 /* MapView.swift in Sources */,
				044BD2BF2CC5058900404585 /* GraphCapsule.swift in Sources */,
				044BD2C12CC5058900404585 /* HikeGraph.swift in Sources */,
				044BD2672CC4E34F00404585 /* LandmarksApp.swift in Sources */,
				044BD2DD2CC5222000404585 /* PageControl.swift in Sources */,
				044BD2A82CC4F65000404585 /* FavoriteButton.swift in Sources */,
				044BD2C82CC50B4000404585 /* CategoryItem.swift in Sources */,
				044BD2AC2CC4FB6500404585 /* HexagonParameters.swift in Sources */,
				044BD2D02CC5112400404585 /* ProfileSummary.swift in Sources */,
				044BD2B92CC504CF00404585 /* Hike.swift in Sources */,
				044BD2CE2CC5109400404585 /* ProfileHost.swift in Sources */,
				044BD2B22CC5024100404585 /* RotatedBadgeSymbol.swift in Sources */,
				044BD2B02CC5016900404585 /* BadgeSymbol.swift in Sources */,
				044BD2DB2CC51F4F00404585 /* PageView.swift in Sources */,
				044BD2A42CC4EEA700404585 /* LandmarkList.swift in Sources */,
				044BD2D42CC519D400404585 /* ProfileEditor.swift in Sources */,
				044BD2C02CC5058900404585 /* HikeDetail.swift in Sources */,
				044BD2C22CC5058900404585 /* HikeView.swift in Sources */,
				044BD2A62CC4EF3700404585 /* LandmarkDetail.swift in Sources */,
				044BD2D72CC51CFD00404585 /* PageViewController.swift in Sources */,
				044BD2AE2CC4FD4C00404585 /* BadgeBackground.swift in Sources */,
				044BD2D22CC5123900404585 /* HikeBadge.swift in Sources */,
				044BD2752CC4E5A500404585 /* CircleImage.swift in Sources */,
				044BD29B2CC4E9F300404585 /* Landmark.swift in Sources */,
				044BD2A22CC4ED1900404585 /* LandmarkRow.swift in Sources */,
				044BD29E2CC4EBCD00404585 /* ModelData.swift in Sources */,
			);
			runOnlyForDeploymentPostprocessing = 0;
		};
/* End PBXSourcesBuildPhase section */

/* Begin XCBuildConfiguration section */
		044BD26F2CC4E35000404585 /* Debug */ = {
			isa = XCBuildConfiguration;
			buildSettings = {
				ALWAYS_SEARCH_USER_PATHS = NO;
				ASSETCATALOG_COMPILER_GENERATE_SWIFT_ASSET_SYMBOL_EXTENSIONS = YES;
				CLANG_ANALYZER_NONNULL = YES;
				CLANG_ANALYZER_NUMBER_OBJECT_CONVERSION = YES_AGGRESSIVE;
				CLANG_CXX_LANGUAGE_STANDARD = "gnu++20";
				CLANG_ENABLE_MODULES = YES;
				CLANG_ENABLE_OBJC_ARC = YES;
				CLANG_ENABLE_OBJC_WEAK = YES;
				CLANG_WARN_BLOCK_CAPTURE_AUTORELEASING = YES;
				CLANG_WARN_BOOL_CONVERSION = YES;
				CLANG_WARN_COMMA = YES;
				CLANG_WARN_CONSTANT_CONVERSION = YES;
				CLANG_WARN_DEPRECATED_OBJC_IMPLEMENTATIONS = YES;
				CLANG_WARN_DIRECT_OBJC_ISA_USAGE = YES_ERROR;
				CLANG_WARN_DOCUMENTATION_COMMENTS = YES;
				CLANG_WARN_EMPTY_BODY = YES;
				CLANG_WARN_ENUM_CONVERSION = YES;
				CLANG_WARN_INFINITE_RECURSION = YES;
				CLANG_WARN_INT_CONVERSION = YES;
				CLANG_WARN_NON_LITERAL_NULL_CONVERSION = YES;
				CLANG_WARN_OBJC_IMPLICIT_RETAIN_SELF = YES;
				CLANG_WARN_OBJC_LITERAL_CONVERSION = YES;
				CLANG_WARN_OBJC_ROOT_CLASS = YES_ERROR;
				CLANG_WARN_QUOTED_INCLUDE_IN_FRAMEWORK_HEADER = YES;
				CLANG_WARN_RANGE_LOOP_ANALYSIS = YES;
				CLANG_WARN_STRICT_PROTOTYPES = YES;
				CLANG_WARN_SUSPICIOUS_MOVE = YES;
				CLANG_WARN_UNGUARDED_AVAILABILITY = YES_AGGRESSIVE;
				CLANG_WARN_UNREACHABLE_CODE = YES;
				CLANG_WARN__DUPLICATE_METHOD_MATCH = YES;
				COPY_PHASE_STRIP = NO;
				DEBUG_INFORMATION_FORMAT = dwarf;
				ENABLE_STRICT_OBJC_MSGSEND = YES;
				ENABLE_TESTABILITY = YES;
				ENABLE_USER_SCRIPT_SANDBOXING = YES;
				GCC_C_LANGUAGE_STANDARD = gnu17;
				GCC_DYNAMIC_NO_PIC = NO;
				GCC_NO_COMMON_BLOCKS = YES;
				GCC_OPTIMIZATION_LEVEL = 0;
				GCC_PREPROCESSOR_DEFINITIONS = (
					"DEBUG=1",
					"$(inherited)",
				);
				GCC_WARN_64_TO_32_BIT_CONVERSION = YES;
				GCC_WARN_ABOUT_RETURN_TYPE = YES_ERROR;
				GCC_WARN_UNDECLARED_SELECTOR = YES;
				GCC_WARN_UNINITIALIZED_AUTOS = YES_AGGRESSIVE;
				GCC_WARN_UNUSED_FUNCTION = YES;
				GCC_WARN_UNUSED_VARIABLE = YES;
				IPHONEOS_DEPLOYMENT_TARGET = 17.4;
				LOCALIZATION_PREFERS_STRING_CATALOGS = YES;
				MTL_ENABLE_DEBUG_INFO = INCLUDE_SOURCE;
				MTL_FAST_MATH = YES;
				ONLY_ACTIVE_ARCH = YES;
				SDKROOT = iphoneos;
				SWIFT_ACTIVE_COMPILATION_CONDITIONS = "DEBUG $(inherited)";
				SWIFT_OPTIMIZATION_LEVEL = "-Onone";
			};
			name = Debug;
		};
		044BD2702CC4E35000404585 /* Release */ = {
			isa = XCBuildConfiguration;
			buildSettings = {
				ALWAYS_SEARCH_USER_PATHS = NO;
				ASSETCATALOG_COMPILER_GENERATE_SWIFT_ASSET_SYMBOL_EXTENSIONS = YES;
				CLANG_ANALYZER_NONNULL = YES;
				CLANG_ANALYZER_NUMBER_OBJECT_CONVERSION = YES_AGGRESSIVE;
				CLANG_CXX_LANGUAGE_STANDARD = "gnu++20";
				CLANG_ENABLE_MODULES = YES;
				CLANG_ENABLE_OBJC_ARC = YES;
				CLANG_ENABLE_OBJC_WEAK = YES;
				CLANG_WARN_BLOCK_CAPTURE_AUTORELEASING = YES;
				CLANG_WARN_BOOL_CONVERSION = YES;
				CLANG_WARN_COMMA = YES;
				CLANG_WARN_CONSTANT_CONVERSION = YES;
				CLANG_WARN_DEPRECATED_OBJC_IMPLEMENTATIONS = YES;
				CLANG_WARN_DIRECT_OBJC_ISA_USAGE = YES_ERROR;
				CLANG_WARN_DOCUMENTATION_COMMENTS = YES;
				CLANG_WARN_EMPTY_BODY = YES;
				CLANG_WARN_ENUM_CONVERSION = YES;
				CLANG_WARN_INFINITE_RECURSION = YES;
				CLANG_WARN_INT_CONVERSION = YES;
				CLANG_WARN_NON_LITERAL_NULL_CONVERSION = YES;
				CLANG_WARN_OBJC_IMPLICIT_RETAIN_SELF = YES;
				CLANG_WARN_OBJC_LITERAL_CONVERSION = YES;
				CLANG_WARN_OBJC_ROOT_CLASS = YES_ERROR;
				CLANG_WARN_QUOTED_INCLUDE_IN_FRAMEWORK_HEADER = YES;
				CLANG_WARN_RANGE_LOOP_ANALYSIS = YES;
				CLANG_WARN_STRICT_PROTOTYPES = YES;
				CLANG_WARN_SUSPICIOUS_MOVE = YES;
				CLANG_WARN_UNGUARDED_AVAILABILITY = YES_AGGRESSIVE;
				CLANG_WARN_UNREACHABLE_CODE = YES;
				CLANG_WARN__DUPLICATE_METHOD_MATCH = YES;
				COPY_PHASE_STRIP = NO;
				DEBUG_INFORMATION_FORMAT = "dwarf-with-dsym";
				ENABLE_NS_ASSERTIONS = NO;
				ENABLE_STRICT_OBJC_MSGSEND = YES;
				ENABLE_USER_SCRIPT_SANDBOXING = YES;
				GCC_C_LANGUAGE_STANDARD = gnu17;
				GCC_NO_COMMON_BLOCKS = YES;
				GCC_WARN_64_TO_32_BIT_CONVERSION = YES;
				GCC_WARN_ABOUT_RETURN_TYPE = YES_ERROR;
				GCC_WARN_UNDECLARED_SELECTOR = YES;
				GCC_WARN_UNINITIALIZED_AUTOS = YES_AGGRESSIVE;
				GCC_WARN_UNUSED_FUNCTION = YES;
				GCC_WARN_UNUSED_VARIABLE = YES;
				IPHONEOS_DEPLOYMENT_TARGET = 17.4;
				LOCALIZATION_PREFERS_STRING_CATALOGS = YES;
				MTL_ENABLE_DEBUG_INFO = NO;
				MTL_FAST_MATH = YES;
				SDKROOT = iphoneos;
				SWIFT_COMPILATION_MODE = wholemodule;
				VALIDATE_PRODUCT = YES;
			};
			name = Release;
		};
		044BD2722CC4E35000404585 /* Debug */ = {
			isa = XCBuildConfiguration;
			buildSettings = {
				ASSETCATALOG_COMPILER_APPICON_NAME = AppIcon;
				ASSETCATALOG_COMPILER_GLOBAL_ACCENT_COLOR_NAME = AccentColor;
				CODE_SIGN_STYLE = Automatic;
				CURRENT_PROJECT_VERSION = 1;
				DEVELOPMENT_ASSET_PATHS = "\"Landmarks/Preview Content\"";
				ENABLE_PREVIEWS = YES;
				GENERATE_INFOPLIST_FILE = YES;
				INFOPLIST_KEY_UIApplicationSceneManifest_Generation = YES;
				INFOPLIST_KEY_UIApplicationSupportsIndirectInputEvents = YES;
				INFOPLIST_KEY_UILaunchScreen_Generation = YES;
				INFOPLIST_KEY_UISupportedInterfaceOrientations_iPad = "UIInterfaceOrientationPortrait UIInterfaceOrientationPortraitUpsideDown UIInterfaceOrientationLandscapeLeft UIInterfaceOrientationLandscapeRight";
				INFOPLIST_KEY_UISupportedInterfaceOrientations_iPhone = "UIInterfaceOrientationPortrait UIInterfaceOrientationLandscapeLeft UIInterfaceOrientationLandscapeRight";
				LD_RUNPATH_SEARCH_PATHS = (
					"$(inherited)",
					"@executable_path/Frameworks",
				);
				MARKETING_VERSION = 1.0;
				PRODUCT_BUNDLE_IDENTIFIER = com.glebmoskalev.Landmarks;
				PRODUCT_NAME = "$(TARGET_NAME)";
				SWIFT_EMIT_LOC_STRINGS = YES;
				SWIFT_VERSION = 5.0;
				TARGETED_DEVICE_FAMILY = "1,2";
			};
			name = Debug;
		};
		044BD2732CC4E35000404585 /* Release */ = {
			isa = XCBuildConfiguration;
			buildSettings = {
				ASSETCATALOG_COMPILER_APPICON_NAME = AppIcon;
				ASSETCATALOG_COMPILER_GLOBAL_ACCENT_COLOR_NAME = AccentColor;
				CODE_SIGN_STYLE = Automatic;
				CURRENT_PROJECT_VERSION = 1;
				DEVELOPMENT_ASSET_PATHS = "\"Landmarks/Preview Content\"";
				ENABLE_PREVIEWS = YES;
				GENERATE_INFOPLIST_FILE = YES;
				INFOPLIST_KEY_UIApplicationSceneManifest_Generation = YES;
				INFOPLIST_KEY_UIApplicationSupportsIndirectInputEvents = YES;
				INFOPLIST_KEY_UILaunchScreen_Generation = YES;
				INFOPLIST_KEY_UISupportedInterfaceOrientations_iPad = "UIInterfaceOrientationPortrait UIInterfaceOrientationPortraitUpsideDown UIInterfaceOrientationLandscapeLeft UIInterfaceOrientationLandscapeRight";
				INFOPLIST_KEY_UISupportedInterfaceOrientations_iPhone = "UIInterfaceOrientationPortrait UIInterfaceOrientationLandscapeLeft UIInterfaceOrientationLandscapeRight";
				LD_RUNPATH_SEARCH_PATHS = (
					"$(inherited)",
					"@executable_path/Frameworks",
				);
				MARKETING_VERSION = 1.0;
				PRODUCT_BUNDLE_IDENTIFIER = com.glebmoskalev.Landmarks;
				PRODUCT_NAME = "$(TARGET_NAME)";
				SWIFT_EMIT_LOC_STRINGS = YES;
				SWIFT_VERSION = 5.0;
				TARGETED_DEVICE_FAMILY = "1,2";
			};
			name = Release;
		};
/* End XCBuildConfiguration section */

/* Begin XCConfigurationList section */
		044BD25E2CC4E34F00404585 /* Build configuration list for PBXProject "Landmarks" */ = {
			isa = XCConfigurationList;
			buildConfigurations = (
				044BD26F2CC4E35000404585 /* Debug */,
				044BD2702CC4E35000404585 /* Release */,
			);
			defaultConfigurationIsVisible = 0;
			defaultConfigurationName = Release;
		};
		044BD2712CC4E35000404585 /* Build configuration list for PBXNativeTarget "Landmarks" */ = {
			isa = XCConfigurationList;
			buildConfigurations = (
				044BD2722CC4E35000404585 /* Debug */,
				044BD2732CC4E35000404585 /* Release */,
			);
			defaultConfigurationIsVisible = 0;
			defaultConfigurationName = Release;
		};
/* End XCConfigurationList section */
	};
	rootObject = 044BD25B2CC4E34F00404585 /* Project object */;
}
